
Microsoft Visual Studio Solution File, Format Version 12.00
# Visual Studio Version 17
VisualStudioVersion = 17.8.34322.80
MinimumVisualStudioVersion = 10.0.40219.1
Project("{888888A0-9F3D-457C-B088-3A5042F75D52}") = "数据科学分析", "数据科学分析.pyproj", "{ACF5EA03-CB15-4846-87E4-7AE88442B677}"
EndProject
Global
	GlobalSection(SolutionConfigurationPlatforms) = preSolution
		Debug|Any CPU = Debug|Any CPU
		Release|Any CPU = Release|Any CPU
	EndGlobalSection
	GlobalSection(ProjectConfigurationPlatforms) = postSolution
		{ACF5EA03-CB15-4846-87E4-7AE88442B677}.Debug|Any CPU.ActiveCfg = Debug|Any CPU
		{ACF5EA03-CB15-4846-87E4-7AE88442B677}.Release|Any CPU.ActiveCfg = Release|Any CPU
	EndGlobalSection
	GlobalSection(SolutionProperties) = preSolution
		HideSolutionNode = FALSE
	EndGlobalSection
	GlobalSection(ExtensibilityGlobals) = postSolution
		SolutionGuid = {3EC9178F-F113-43DD-9780-65BFD8A04743}
	EndGlobalSection
EndGlobal
